# THIS IS AN AUTOGENERATED FILE. DO NOT EDIT THIS FILE DIRECTLY.
# yarn lockfile v1


quill-image-compress@^2.0.2:
  version "2.0.2"
  resolved "https://registry.yarnpkg.com/quill-image-compress/-/quill-image-compress-2.0.2.tgz#253925068b2c96e0707481030c3b7a1f448d0f89"
  integrity sha512-RibmhvfZUX62gvy76alVV8XXVYIwWwz+++GEmTKpukuh93WA5TTezloJLEKJPBHmOjFbO9lQ+HAGJ0tkGVaehg==
